# This file is automatically @generated by Cargo.
# It is not intended for manual editing.
version = 3

[[package]]
name = "quizz_001_20240103"
version = "0.1.0"

[[package]]
name = "quizz_002_20240204"
version = "0.1.0"

[[package]]
name = "quizz_003_20240210"
version = "0.1.0"

[[package]]
name = "quizz_004_20240211"
version = "0.1.0"

[[package]]
name = "quizz_005_20240217"
version = "0.1.0"

[[package]]
name = "quizz_006_20240218"
version = "0.1.0"
